
Microsoft Visual Studio Solution File, Format Version 11.00
# Visual Studio 2010
Project("{FAE04EC0-301F-11D3-BF4B-00C04F79EFBC}") = "TextBoxtest", "TextBoxtest\TextBoxtest.csproj", "{CE586FE6-9602-44E0-9596-3090D5CA88A2}"
EndProject
Global
	GlobalSection(SolutionConfigurationPlatforms) = preSolution
		Debug|Any CPU = Debug|Any CPU
		Release|Any CPU = Release|Any CPU
	EndGlobalSection
	GlobalSection(ProjectConfigurationPlatforms) = postSolution
		{CE586FE6-9602-44E0-9596-3090D5CA88A2}.Debug|Any CPU.ActiveCfg = Debug|Any CPU
		{CE586FE6-9602-44E0-9596-3090D5CA88A2}.Debug|Any CPU.Build.0 = Debug|Any CPU
		{CE586FE6-9602-44E0-9596-3090D5CA88A2}.Release|Any CPU.ActiveCfg = Release|Any CPU
		{CE586FE6-9602-44E0-9596-3090D5CA88A2}.Release|Any CPU.Build.0 = Release|Any CPU
	EndGlobalSection
	GlobalSection(SolutionProperties) = preSolution
		HideSolutionNode = FALSE
	EndGlobalSection
EndGlobal
